
Microsoft Visual Studio Solution File, Format Version 12.00
# Visual Studio 14
VisualStudioVersion = 14.0.25420.1
MinimumVisualStudioVersion = 10.0.40219.1
Project("{FAE04EC0-301F-11D3-BF4B-00C04F79EFBC}") = "AmDmSite", "AmDmSite\AmDmSite.csproj", "{399AE1FA-9E57-4D05-8BBD-292EF7FF5196}"
EndProject
Project("{FAE04EC0-301F-11D3-BF4B-00C04F79EFBC}") = "PerformersUpdater", "PerformersUpdater\PerformersUpdater.csproj", "{944E4E5C-7675-462D-8572-FE5E410E6C30}"
EndProject
Global
	GlobalSection(SolutionConfigurationPlatforms) = preSolution
		Debug|Any CPU = Debug|Any CPU
		Release|Any CPU = Release|Any CPU
	EndGlobalSection
	GlobalSection(ProjectConfigurationPlatforms) = postSolution
		{399AE1FA-9E57-4D05-8BBD-292EF7FF5196}.Debug|Any CPU.ActiveCfg = Debug|Any CPU
		{399AE1FA-9E57-4D05-8BBD-292EF7FF5196}.Debug|Any CPU.Build.0 = Debug|Any CPU
		{399AE1FA-9E57-4D05-8BBD-292EF7FF5196}.Release|Any CPU.ActiveCfg = Release|Any CPU
		{399AE1FA-9E57-4D05-8BBD-292EF7FF5196}.Release|Any CPU.Build.0 = Release|Any CPU
		{944E4E5C-7675-462D-8572-FE5E410E6C30}.Debug|Any CPU.ActiveCfg = Debug|Any CPU
		{944E4E5C-7675-462D-8572-FE5E410E6C30}.Debug|Any CPU.Build.0 = Debug|Any CPU
		{944E4E5C-7675-462D-8572-FE5E410E6C30}.Release|Any CPU.ActiveCfg = Release|Any CPU
		{944E4E5C-7675-462D-8572-FE5E410E6C30}.Release|Any CPU.Build.0 = Release|Any CPU
	EndGlobalSection
	GlobalSection(SolutionProperties) = preSolution
		HideSolutionNode = FALSE
	EndGlobalSection
EndGlobal
